
Microsoft Visual Studio Solution File, Format Version 12.00
# Visual Studio Version 17
VisualStudioVersion = 17.4.33213.308
MinimumVisualStudioVersion = 10.0.40219.1
Project("{FAE04EC0-301F-11D3-BF4B-00C04F79EFBC}") = "CW2", "CW2\CW2.csproj", "{DE72F926-F454-4A29-BB79-C74E00286328}"
EndProject
Project("{FAE04EC0-301F-11D3-BF4B-00C04F79EFBC}") = "PA 1", "PA 1\PA 1.csproj", "{029361EA-037C-4679-871C-252AF540B458}"
EndProject
Global
	GlobalSection(SolutionConfigurationPlatforms) = preSolution
		Debug|Any CPU = Debug|Any CPU
		Release|Any CPU = Release|Any CPU
	EndGlobalSection
	GlobalSection(ProjectConfigurationPlatforms) = postSolution
		{DE72F926-F454-4A29-BB79-C74E00286328}.Debug|Any CPU.ActiveCfg = Debug|Any CPU
		{DE72F926-F454-4A29-BB79-C74E00286328}.Debug|Any CPU.Build.0 = Debug|Any CPU
		{DE72F926-F454-4A29-BB79-C74E00286328}.Release|Any CPU.ActiveCfg = Release|Any CPU
		{DE72F926-F454-4A29-BB79-C74E00286328}.Release|Any CPU.Build.0 = Release|Any CPU
		{029361EA-037C-4679-871C-252AF540B458}.Debug|Any CPU.ActiveCfg = Debug|Any CPU
		{029361EA-037C-4679-871C-252AF540B458}.Debug|Any CPU.Build.0 = Debug|Any CPU
		{029361EA-037C-4679-871C-252AF540B458}.Release|Any CPU.ActiveCfg = Release|Any CPU
		{029361EA-037C-4679-871C-252AF540B458}.Release|Any CPU.Build.0 = Release|Any CPU
	EndGlobalSection
	GlobalSection(SolutionProperties) = preSolution
		HideSolutionNode = FALSE
	EndGlobalSection
	GlobalSection(ExtensibilityGlobals) = postSolution
		SolutionGuid = {55EFC2D2-1B42-4D52-9775-444F0AAFB81D}
	EndGlobalSection
EndGlobal
